
Microsoft Visual Studio Solution File, Format Version 12.00
# Visual Studio 2013
VisualStudioVersion = 12.0.40629.0
MinimumVisualStudioVersion = 10.0.40219.1
Project("{FAE04EC0-301F-11D3-BF4B-00C04F79EFBC}") = "Buget.WebUI", "Buget.WebUI\Buget.WebUI.csproj", "{53135EA9-F504-493F-A749-932B5E4072E6}"
EndProject
Project("{FAE04EC0-301F-11D3-BF4B-00C04F79EFBC}") = "Buget.WebUI.Tests", "Buget.WebUI.Tests\Buget.WebUI.Tests.csproj", "{1C6C7AF5-6ECB-4D29-B2BA-F1A7FBF37CB5}"
EndProject
Global
	GlobalSection(SolutionConfigurationPlatforms) = preSolution
		Debug|Any CPU = Debug|Any CPU
		Release|Any CPU = Release|Any CPU
	EndGlobalSection
	GlobalSection(ProjectConfigurationPlatforms) = postSolution
		{53135EA9-F504-493F-A749-932B5E4072E6}.Debug|Any CPU.ActiveCfg = Debug|Any CPU
		{53135EA9-F504-493F-A749-932B5E4072E6}.Debug|Any CPU.Build.0 = Debug|Any CPU
		{53135EA9-F504-493F-A749-932B5E4072E6}.Release|Any CPU.ActiveCfg = Release|Any CPU
		{53135EA9-F504-493F-A749-932B5E4072E6}.Release|Any CPU.Build.0 = Release|Any CPU
		{1C6C7AF5-6ECB-4D29-B2BA-F1A7FBF37CB5}.Debug|Any CPU.ActiveCfg = Debug|Any CPU
		{1C6C7AF5-6ECB-4D29-B2BA-F1A7FBF37CB5}.Debug|Any CPU.Build.0 = Debug|Any CPU
		{1C6C7AF5-6ECB-4D29-B2BA-F1A7FBF37CB5}.Release|Any CPU.ActiveCfg = Release|Any CPU
		{1C6C7AF5-6ECB-4D29-B2BA-F1A7FBF37CB5}.Release|Any CPU.Build.0 = Release|Any CPU
	EndGlobalSection
	GlobalSection(SolutionProperties) = preSolution
		HideSolutionNode = FALSE
	EndGlobalSection
EndGlobal
